<Solution>
  <Folder Name="/src/">
    <Project Path="src/UdpCicd.Cli/UdpCicd.Cli.csproj" />
    <Project Path="src/UdpCicd.Core/UdpCicd.Core.csproj" />
    <Project Path="src/UdpCicd.Mcp/UdpCicd.Mcp.csproj" />
  </Folder>
  <Folder Name="/tests/">
    <Project Path="tests/UdpCicd.Core.Tests/UdpCicd.Core.Tests.csproj" />
  </Folder>
</Solution>
